
Microsoft Visual Studio Solution File, Format Version 12.00
# Visual Studio 15
VisualStudioVersion = 15.0.27130.2026
MinimumVisualStudioVersion = 10.0.40219.1
Project("{FAE04EC0-301F-11D3-BF4B-00C04F79EFBC}") = "TestClarity", "TestClarity\TestClarity.csproj", "{CCD0773F-7BED-4767-BF73-6BB4D5C799F2}"
EndProject
Global
	GlobalSection(SolutionConfigurationPlatforms) = preSolution
		Debug|Any CPU = Debug|Any CPU
		Release|Any CPU = Release|Any CPU
	EndGlobalSection
	GlobalSection(ProjectConfigurationPlatforms) = postSolution
		{CCD0773F-7BED-4767-BF73-6BB4D5C799F2}.Debug|Any CPU.ActiveCfg = Debug|Any CPU
		{CCD0773F-7BED-4767-BF73-6BB4D5C799F2}.Debug|Any CPU.Build.0 = Debug|Any CPU
		{CCD0773F-7BED-4767-BF73-6BB4D5C799F2}.Release|Any CPU.ActiveCfg = Release|Any CPU
		{CCD0773F-7BED-4767-BF73-6BB4D5C799F2}.Release|Any CPU.Build.0 = Release|Any CPU
	EndGlobalSection
	GlobalSection(SolutionProperties) = preSolution
		HideSolutionNode = FALSE
	EndGlobalSection
	GlobalSection(ExtensibilityGlobals) = postSolution
		SolutionGuid = {159FD58B-CCDD-4F8C-9CEF-5C93F71FB701}
	EndGlobalSection
EndGlobal
